
Microsoft Visual Studio Solution File, Format Version 12.00
# Visual Studio 2013
VisualStudioVersion = 12.0.31101.0
MinimumVisualStudioVersion = 10.0.40219.1
Project("{FAE04EC0-301F-11D3-BF4B-00C04F79EFBC}") = "AboutMe.Web.Front", "AboutMe.Web.Front\AboutMe.Web.Front.csproj", "{ACBC178B-5C83-4BBF-A81E-C21D5D0ADAA7}"
EndProject
Project("{FAE04EC0-301F-11D3-BF4B-00C04F79EFBC}") = "AboutMe.Web.Admin", "AboutMe.Web.Admin\AboutMe.Web.Admin.csproj", "{45EF761E-1EA6-4D3E-ACC3-3A050395E8B3}"
EndProject
Project("{FAE04EC0-301F-11D3-BF4B-00C04F79EFBC}") = "AboutMe.Common", "AboutMe.Common\AboutMe.Common.csproj", "{7F9CF5B3-0A68-4BFA-A035-45895AC02FEB}"
EndProject
Project("{FAE04EC0-301F-11D3-BF4B-00C04F79EFBC}") = "AboutMe.Domain", "AboutMe.Domain\AboutMe.Domain.csproj", "{1C6378E7-6069-4915-946C-1EEE9EF3FFE0}"
EndProject
Global
	GlobalSection(SolutionConfigurationPlatforms) = preSolution
		Debug|Any CPU = Debug|Any CPU
		Release|Any CPU = Release|Any CPU
	EndGlobalSection
	GlobalSection(ProjectConfigurationPlatforms) = postSolution
		{ACBC178B-5C83-4BBF-A81E-C21D5D0ADAA7}.Debug|Any CPU.ActiveCfg = Debug|Any CPU
		{ACBC178B-5C83-4BBF-A81E-C21D5D0ADAA7}.Debug|Any CPU.Build.0 = Debug|Any CPU
		{ACBC178B-5C83-4BBF-A81E-C21D5D0ADAA7}.Release|Any CPU.ActiveCfg = Release|Any CPU
		{ACBC178B-5C83-4BBF-A81E-C21D5D0ADAA7}.Release|Any CPU.Build.0 = Release|Any CPU
		{45EF761E-1EA6-4D3E-ACC3-3A050395E8B3}.Debug|Any CPU.ActiveCfg = Debug|Any CPU
		{45EF761E-1EA6-4D3E-ACC3-3A050395E8B3}.Debug|Any CPU.Build.0 = Debug|Any CPU
		{45EF761E-1EA6-4D3E-ACC3-3A050395E8B3}.Release|Any CPU.ActiveCfg = Release|Any CPU
		{45EF761E-1EA6-4D3E-ACC3-3A050395E8B3}.Release|Any CPU.Build.0 = Release|Any CPU
		{7F9CF5B3-0A68-4BFA-A035-45895AC02FEB}.Debug|Any CPU.ActiveCfg = Debug|Any CPU
		{7F9CF5B3-0A68-4BFA-A035-45895AC02FEB}.Debug|Any CPU.Build.0 = Debug|Any CPU
		{7F9CF5B3-0A68-4BFA-A035-45895AC02FEB}.Release|Any CPU.ActiveCfg = Release|Any CPU
		{7F9CF5B3-0A68-4BFA-A035-45895AC02FEB}.Release|Any CPU.Build.0 = Release|Any CPU
		{1C6378E7-6069-4915-946C-1EEE9EF3FFE0}.Debug|Any CPU.ActiveCfg = Debug|Any CPU
		{1C6378E7-6069-4915-946C-1EEE9EF3FFE0}.Debug|Any CPU.Build.0 = Debug|Any CPU
		{1C6378E7-6069-4915-946C-1EEE9EF3FFE0}.Release|Any CPU.ActiveCfg = Release|Any CPU
		{1C6378E7-6069-4915-946C-1EEE9EF3FFE0}.Release|Any CPU.Build.0 = Release|Any CPU
	EndGlobalSection
	GlobalSection(SolutionProperties) = preSolution
		HideSolutionNode = FALSE
	EndGlobalSection
EndGlobal
